
Microsoft Visual Studio Solution File, Format Version 12.00
# Visual Studio Version 16
VisualStudioVersion = 16.0.31321.278
MinimumVisualStudioVersion = 10.0.40219.1
Project("{FAE04EC0-301F-11D3-BF4B-00C04F79EFBC}") = "CardMarketPriceMgmnt", "CardMarketPriceMgmnt.csproj", "{014C6E35-7F73-4527-BE7D-548AED2BEC00}"
EndProject
Project("{FAE04EC0-301F-11D3-BF4B-00C04F79EFBC}") = "CardMarketPriceMgmntTest", "..\CardMarketPriceMgmntTest\CardMarketPriceMgmntTest.csproj", "{BF2E346E-3D7C-4A7B-8147-81FB76F4B1BA}"
EndProject
Global
	GlobalSection(SolutionConfigurationPlatforms) = preSolution
		Debug|Any CPU = Debug|Any CPU
		Release|Any CPU = Release|Any CPU
	EndGlobalSection
	GlobalSection(ProjectConfigurationPlatforms) = postSolution
		{014C6E35-7F73-4527-BE7D-548AED2BEC00}.Debug|Any CPU.ActiveCfg = Debug|Any CPU
		{014C6E35-7F73-4527-BE7D-548AED2BEC00}.Debug|Any CPU.Build.0 = Debug|Any CPU
		{014C6E35-7F73-4527-BE7D-548AED2BEC00}.Release|Any CPU.ActiveCfg = Release|Any CPU
		{014C6E35-7F73-4527-BE7D-548AED2BEC00}.Release|Any CPU.Build.0 = Release|Any CPU
		{BF2E346E-3D7C-4A7B-8147-81FB76F4B1BA}.Debug|Any CPU.ActiveCfg = Debug|Any CPU
		{BF2E346E-3D7C-4A7B-8147-81FB76F4B1BA}.Debug|Any CPU.Build.0 = Debug|Any CPU
		{BF2E346E-3D7C-4A7B-8147-81FB76F4B1BA}.Release|Any CPU.ActiveCfg = Release|Any CPU
		{BF2E346E-3D7C-4A7B-8147-81FB76F4B1BA}.Release|Any CPU.Build.0 = Release|Any CPU
	EndGlobalSection
	GlobalSection(SolutionProperties) = preSolution
		HideSolutionNode = FALSE
	EndGlobalSection
	GlobalSection(ExtensibilityGlobals) = postSolution
		SolutionGuid = {77F461CB-A1E2-4A4B-B8A7-0694D6A8054C}
	EndGlobalSection
EndGlobal
